// !$*UTF8*$!
{
	archiveVersion = 1;
	classes = {
	};
	objectVersion = 46;
	objects = {

/* Begin PBXBuildFile section */
		BEDB1D3F1A085AFA00586A12 /* AppDelegate.swift in Sources */ = {isa = PBXBuildFile; fileRef = BEDB1D3E1A085AFA00586A12 /* AppDelegate.swift */; };
		BEDB1D411A085AFA00586A12 /* ViewController.swift in Sources */ = {isa = PBXBuildFile; fileRef = BEDB1D401A085AFA00586A12 /* ViewController.swift */; };
		BEDB1D441A085AFA00586A12 /* Main.storyboard in Resources */ = {isa = PBXBuildFile; fileRef = BEDB1D421A085AFA00586A12 /* Main.storyboard */; };
		BEDB1D461A085AFA00586A12 /* Images.xcassets in Resources */ = {isa = PBXBuildFile; fileRef = BEDB1D451A085AFA00586A12 /* Images.xcassets */; };
		BEDB1D491A085AFA00586A12 /* LaunchScreen.xib in Resources */ = {isa = PBXBuildFile; fileRef = BEDB1D471A085AFA00586A12 /* LaunchScreen.xib */; };
		BEDB1D551A085AFA00586A12 /* AgeThatCatTests.swift in Sources */ = {isa = PBXBuildFile; fileRef = BEDB1D541A085AFA00586A12 /* AgeThatCatTests.swift */; };
		BEDB1D5F1A085CBC00586A12 /* akatosh.jpg in Resources */ = {isa = PBXBuildFile; fileRef = BEDB1D5E1A085CBC00586A12 /* akatosh.jpg */; };
/* End PBXBuildFile section */

/* Begin PBXContainerItemProxy section */
		BEDB1D4F1A085AFA00586A12 /* PBXContainerItemProxy */ = {
			isa = PBXContainerItemProxy;
			containerPortal = BEDB1D311A085AFA00586A12 /* Project object */;
			proxyType = 1;
			remoteGlobalIDString = BEDB1D381A085AFA00586A12;
			remoteInfo = AgeThatCat;
		};
/* End PBXContainerItemProxy section */

/* Begin PBXFileReference section */
		BEDB1D391A085AFA00586A12 /* AgeThatCat.app */ = {isa = PBXFileReference; explicitFileType = wrapper.application; includeInIndex = 0; path = AgeThatCat.app; sourceTree = BUILT_PRODUCTS_DIR; };
		BEDB1D3D1A085AFA00586A12 /* Info.plist */ = {isa = PBXFileReference; lastKnownFileType = text.plist.xml; path = Info.plist; sourceTree = "<group>"; };
		BEDB1D3E1A085AFA00586A12 /* AppDelegate.swift */ = {isa = PBXFileReference; lastKnownFileType = sourcecode.swift; path = AppDelegate.swift; sourceTree = "<group>"; };
		BEDB1D401A085AFA00586A12 /* ViewController.swift */ = {isa = PBXFileReference; lastKnownFileType = sourcecode.swift; path = ViewController.swift; sourceTree = "<group>"; };
		BEDB1D431A085AFA00586A12 /* Base */ = {isa = PBXFileReference; lastKnownFileType = file.storyboard; name = Base; path = Base.lproj/Main.storyboard; sourceTree = "<group>"; };
		BEDB1D451A085AFA00586A12 /* Images.xcassets */ = {isa = PBXFileReference; lastKnownFileType = folder.assetcatalog; path = Images.xcassets; sourceTree = "<group>"; };
		BEDB1D481A085AFA00586A12 /* Base */ = {isa = PBXFileReference; lastKnownFileType = file.xib; name = Base; path = Base.lproj/LaunchScreen.xib; sourceTree = "<group>"; };
		BEDB1D4E1A085AFA00586A12 /* AgeThatCatTests.xctest */ = {isa = PBXFileReference; explicitFileType = wrapper.cfbundle; includeInIndex = 0; path = AgeThatCatTests.xctest; sourceTree = BUILT_PRODUCTS_DIR; };
		BEDB1D531A085AFA00586A12 /* Info.plist */ = {isa = PBXFileReference; lastKnownFileType = text.plist.xml; path = Info.plist; sourceTree = "<group>"; };
		BEDB1D541A085AFA00586A12 /* AgeThatCatTests.swift */ = {isa = PBXFileReference; lastKnownFileType = sourcecode.swift; path = AgeThatCatTests.swift; sourceTree = "<group>"; };
		BEDB1D5E1A085CBC00586A12 /* akatosh.jpg */ = {isa = PBXFileReference; lastKnownFileType = image.jpeg; path = akatosh.jpg; sourceTree = "<group>"; };
/* End PBXFileReference section */

/* Begin PBXFrameworksBuildPhase section */
		BEDB1D361A085AFA00586A12 /* Frameworks */ = {
			isa = PBXFrameworksBuildPhase;
			buildActionMask = 2147483647;
			files = (
			);
			runOnlyForDeploymentPostprocessing = 0;
		};
		BEDB1D4B1A085AFA00586A12 /* Frameworks */ = {
			isa = PBXFrameworksBuildPhase;
			buildActionMask = 2147483647;
			files = (
			);
			runOnlyForDeploymentPostprocessing = 0;
		};
/* End PBXFrameworksBuildPhase section */

/* Begin PBXGroup section */
		BEDB1D301A085AFA00586A12 = {
			isa = PBXGroup;
			children = (
				BEDB1D3B1A085AFA00586A12 /* AgeThatCat */,
				BEDB1D511A085AFA00586A12 /* AgeThatCatTests */,
				BEDB1D3A1A085AFA00586A12 /* Products */,
			);
			sourceTree = "<group>";
		};
		BEDB1D3A1A085AFA00586A12 /* Products */ = {
			isa = PBXGroup;
			children = (
				BEDB1D391A085AFA00586A12 /* AgeThatCat.app */,
				BEDB1D4E1A085AFA00586A12 /* AgeThatCatTests.xctest */,
			);
			name = Products;
			sourceTree = "<group>";
		};
		BEDB1D3B1A085AFA00586A12 /* AgeThatCat */ = {
			isa = PBXGroup;
			children = (
				BEDB1D3E1A085AFA00586A12 /* AppDelegate.swift */,
				BEDB1D401A085AFA00586A12 /* ViewController.swift */,
				BEDB1D421A085AFA00586A12 /* Main.storyboard */,
				BEDB1D451A085AFA00586A12 /* Images.xcassets */,
				BEDB1D471A085AFA00586A12 /* LaunchScreen.xib */,
				BEDB1D3C1A085AFA00586A12 /* Supporting Files */,
			);
			path = AgeThatCat;
			sourceTree = "<group>";
		};
		BEDB1D3C1A085AFA00586A12 /* Supporting Files */ = {
			isa = PBXGroup;
			children = (
				BEDB1D5E1A085CBC00586A12 /* akatosh.jpg */,
				BEDB1D3D1A085AFA00586A12 /* Info.plist */,
			);
			name = "Supporting Files";
			sourceTree = "<group>";
		};
		BEDB1D511A085AFA00586A12 /* AgeThatCatTests */ = {
			isa = PBXGroup;
			children = (
				BEDB1D541A085AFA00586A12 /* AgeThatCatTests.swift */,
				BEDB1D521A085AFA00586A12 /* Supporting Files */,
			);
			path = AgeThatCatTests;
			sourceTree = "<group>";
		};
		BEDB1D521A085AFA00586A12 /* Supporting Files */ = {
			isa = PBXGroup;
			children = (
				BEDB1D531A085AFA00586A12 /* Info.plist */,
			);
			name = "Supporting Files";
			sourceTree = "<group>";
		};
/* End PBXGroup section */

/* Begin PBXNativeTarget section */
		BEDB1D381A085AFA00586A12 /* AgeThatCat */ = {
			isa = PBXNativeTarget;
			buildConfigurationList = BEDB1D581A085AFA00586A12 /* Build configuration list for PBXNativeTarget "AgeThatCat" */;
			buildPhases = (
				BEDB1D351A085AFA00586A12 /* Sources */,
				BEDB1D361A085AFA00586A12 /* Frameworks */,
				BEDB1D371A085AFA00586A12 /* Resources */,
			);
			buildRules = (
			);
			dependencies = (
			);
			name = AgeThatCat;
			productName = AgeThatCat;
			productReference = BEDB1D391A085AFA00586A12 /* AgeThatCat.app */;
			productType = "com.apple.product-type.application";
		};
		BEDB1D4D1A085AFA00586A12 /* AgeThatCatTests */ = {
			isa = PBXNativeTarget;
			buildConfigurationList = BEDB1D5B1A085AFA00586A12 /* Build configuration list for PBXNativeTarget "AgeThatCatTests" */;
			buildPhases = (
				BEDB1D4A1A085AFA00586A12 /* Sources */,
				BEDB1D4B1A085AFA00586A12 /* Frameworks */,
				BEDB1D4C1A085AFA00586A12 /* Resources */,
			);
			buildRules = (
			);
			dependencies = (
				BEDB1D501A085AFA00586A12 /* PBXTargetDependency */,
			);
			name = AgeThatCatTests;
			productName = AgeThatCatTests;
			productReference = BEDB1D4E1A085AFA00586A12 /* AgeThatCatTests.xctest */;
			productType = "com.apple.product-type.bundle.unit-test";
		};
/* End PBXNativeTarget section */

/* Begin PBXProject section */
		BEDB1D311A085AFA00586A12 /* Project object */ = {
			isa = PBXProject;
			attributes = {
				LastUpgradeCheck = 0610;
				ORGANIZATIONNAME = "Will C. Fisher, Jr.";
				TargetAttributes = {
					BEDB1D381A085AFA00586A12 = {
						CreatedOnToolsVersion = 6.1;
					};
					BEDB1D4D1A085AFA00586A12 = {
						CreatedOnToolsVersion = 6.1;
						TestTargetID = BEDB1D381A085AFA00586A12;
					};
				};
			};
			buildConfigurationList = BEDB1D341A085AFA00586A12 /* Build configuration list for PBXProject "AgeThatCat" */;
			compatibilityVersion = "Xcode 3.2";
			developmentRegion = English;
			hasScannedForEncodings = 0;
			knownRegions = (
				en,
				Base,
			);
			mainGroup = BEDB1D301A085AFA00586A12;
			productRefGroup = BEDB1D3A1A085AFA00586A12 /* Products */;
			projectDirPath = "";
			projectRoot = "";
			targets = (
				BEDB1D381A085AFA00586A12 /* AgeThatCat */,
				BEDB1D4D1A085AFA00586A12 /* AgeThatCatTests */,
			);
		};
/* End PBXProject section */

/* Begin PBXResourcesBuildPhase section */
		BEDB1D371A085AFA00586A12 /* Resources */ = {
			isa = PBXResourcesBuildPhase;
			buildActionMask = 2147483647;
			files = (
				BEDB1D441A085AFA00586A12 /* Main.storyboard in Resources */,
				BEDB1D5F1A085CBC00586A12 /* akatosh.jpg in Resources */,
				BEDB1D491A085AFA00586A12 /* LaunchScreen.xib in Resources */,
				BEDB1D461A085AFA00586A12 /* Images.xcassets in Resources */,
			);
			runOnlyForDeploymentPostprocessing = 0;
		};
		BEDB1D4C1A085AFA00586A12 /* Resources */ = {
			isa = PBXResourcesBuildPhase;
			buildActionMask = 2147483647;
			files = (
			);
			runOnlyForDeploymentPostprocessing = 0;
		};
/* End PBXResourcesBuildPhase section */

/* Begin PBXSourcesBuildPhase section */
		BEDB1D351A085AFA00586A12 /* Sources */ = {
			isa = PBXSourcesBuildPhase;
			buildActionMask = 2147483647;
			files = (
				BEDB1D411A085AFA00586A12 /* ViewController.swift in Sources */,
				BEDB1D3F1A085AFA00586A12 /* AppDelegate.swift in Sources */,
			);
			runOnlyForDeploymentPostprocessing = 0;
		};
		BEDB1D4A1A085AFA00586A12 /* Sources */ = {
			isa = PBXSourcesBuildPhase;
			buildActionMask = 2147483647;
			files = (
				BEDB1D551A085AFA00586A12 /* AgeThatCatTests.swift in Sources */,
			);
			runOnlyForDeploymentPostprocessing = 0;
		};
/* End PBXSourcesBuildPhase section */

/* Begin PBXTargetDependency section */
		BEDB1D501A085AFA00586A12 /* PBXTargetDependency */ = {
			isa = PBXTargetDependency;
			target = BEDB1D381A085AFA00586A12 /* AgeThatCat */;
			targetProxy = BEDB1D4F1A085AFA00586A12 /* PBXContainerItemProxy */;
		};
/* End PBXTargetDependency section */

/* Begin PBXVariantGroup section */
		BEDB1D421A085AFA00586A12 /* Main.storyboard */ = {
			isa = PBXVariantGroup;
			children = (
				BEDB1D431A085AFA00586A12 /* Base */,
			);
			name = Main.storyboard;
			sourceTree = "<group>";
		};
		BEDB1D471A085AFA00586A12 /* LaunchScreen.xib */ = {
			isa = PBXVariantGroup;
			children = (
				BEDB1D481A085AFA00586A12 /* Base */,
			);
			name = LaunchScreen.xib;
			sourceTree = "<group>";
		};
/* End PBXVariantGroup section */

/* Begin XCBuildConfiguration section */
		BEDB1D561A085AFA00586A12 /* Debug */ = {
			isa = XCBuildConfiguration;
			buildSettings = {
				ALWAYS_SEARCH_USER_PATHS = NO;
				CLANG_CXX_LANGUAGE_STANDARD = "gnu++0x";
				CLANG_CXX_LIBRARY = "libc++";
				CLANG_ENABLE_MODULES = YES;
				CLANG_ENABLE_OBJC_ARC = YES;
				CLANG_WARN_BOOL_CONVERSION = YES;
				CLANG_WARN_CONSTANT_CONVERSION = YES;
				CLANG_WARN_DIRECT_OBJC_ISA_USAGE = YES_ERROR;
				CLANG_WARN_EMPTY_BODY = YES;
				CLANG_WARN_ENUM_CONVERSION = YES;
				CLANG_WARN_INT_CONVERSION = YES;
				CLANG_WARN_OBJC_ROOT_CLASS = YES_ERROR;
				CLANG_WARN_UNREACHABLE_CODE = YES;
				CLANG_WARN__DUPLICATE_METHOD_MATCH = YES;
				"CODE_SIGN_IDENTITY[sdk=iphoneos*]" = "iPhone Developer";
				COPY_PHASE_STRIP = NO;
				ENABLE_STRICT_OBJC_MSGSEND = YES;
				GCC_C_LANGUAGE_STANDARD = gnu99;
				GCC_DYNAMIC_NO_PIC = NO;
				GCC_OPTIMIZATION_LEVEL = 0;
				GCC_PREPROCESSOR_DEFINITIONS = (
					"DEBUG=1",
					"$(inherited)",
				);
				GCC_SYMBOLS_PRIVATE_EXTERN = NO;
				GCC_WARN_64_TO_32_BIT_CONVERSION = YES;
				GCC_WARN_ABOUT_RETURN_TYPE = YES_ERROR;
				GCC_WARN_UNDECLARED_SELECTOR = YES;
				GCC_WARN_UNINITIALIZED_AUTOS = YES_AGGRESSIVE;
				GCC_WARN_UNUSED_FUNCTION = YES;
				GCC_WARN_UNUSED_VARIABLE = YES;
				IPHONEOS_DEPLOYMENT_TARGET = 8.1;
				MTL_ENABLE_DEBUG_INFO = YES;
				ONLY_ACTIVE_ARCH = YES;
				SDKROOT = iphoneos;
				SWIFT_OPTIMIZATION_LEVEL = "-Onone";
			};
			name = Debug;
		};
		BEDB1D571A085AFA00586A12 /* Release */ = {
			isa = XCBuildConfiguration;
			buildSettings = {
				ALWAYS_SEARCH_USER_PATHS = NO;
				CLANG_CXX_LANGUAGE_STANDARD = "gnu++0x";
				CLANG_CXX_LIBRARY = "libc++";
				CLANG_ENABLE_MODULES = YES;
				CLANG_ENABLE_OBJC_ARC = YES;
				CLANG_WARN_BOOL_CONVERSION = YES;
				CLANG_WARN_CONSTANT_CONVERSION = YES;
				CLANG_WARN_DIRECT_OBJC_ISA_USAGE = YES_ERROR;
				CLANG_WARN_EMPTY_BODY = YES;
				CLANG_WARN_ENUM_CONVERSION = YES;
				CLANG_WARN_INT_CONVERSION = YES;
				CLANG_WARN_OBJC_ROOT_CLASS = YES_ERROR;
				CLANG_WARN_UNREACHABLE_CODE = YES;
				CLANG_WARN__DUPLICATE_METHOD_MATCH = YES;
				"CODE_SIGN_IDENTITY[sdk=iphoneos*]" = "iPhone Developer";
				COPY_PHASE_STRIP = YES;
				ENABLE_NS_ASSERTIONS = NO;
				ENABLE_STRICT_OBJC_MSGSEND = YES;
				GCC_C_LANGUAGE_STANDARD = gnu99;
				GCC_WARN_64_TO_32_BIT_CONVERSION = YES;
				GCC_WARN_ABOUT_RETURN_TYPE = YES_ERROR;
				GCC_WARN_UNDECLARED_SELECTOR = YES;
				GCC_WARN_UNINITIALIZED_AUTOS = YES_AGGRESSIVE;
				GCC_WARN_UNUSED_FUNCTION = YES;
				GCC_WARN_UNUSED_VARIABLE = YES;
				IPHONEOS_DEPLOYMENT_TARGET = 8.1;
				MTL_ENABLE_DEBUG_INFO = NO;
				SDKROOT = iphoneos;
				VALIDATE_PRODUCT = YES;
			};
			name = Release;
		};
		BEDB1D591A085AFA00586A12 /* Debug */ = {
			isa = XCBuildConfiguration;
			buildSettings = {
				ASSETCATALOG_COMPILER_APPICON_NAME = AppIcon;
				INFOPLIST_FILE = AgeThatCat/Info.plist;
				LD_RUNPATH_SEARCH_PATHS = "$(inherited) @executable_path/Frameworks";
				PRODUCT_NAME = "$(TARGET_NAME)";
			};
			name = Debug;
		};
		BEDB1D5A1A085AFA00586A12 /* Release */ = {
			isa = XCBuildConfiguration;
			buildSettings = {
				ASSETCATALOG_COMPILER_APPICON_NAME = AppIcon;
				INFOPLIST_FILE = AgeThatCat/Info.plist;
				LD_RUNPATH_SEARCH_PATHS = "$(inherited) @executable_path/Frameworks";
				PRODUCT_NAME = "$(TARGET_NAME)";
			};
			name = Release;
		};
		BEDB1D5C1A085AFA00586A12 /* Debug */ = {
			isa = XCBuildConfiguration;
			buildSettings = {
				BUNDLE_LOADER = "$(TEST_HOST)";
				FRAMEWORK_SEARCH_PATHS = (
					"$(SDKROOT)/Developer/Library/Frameworks",
					"$(inherited)",
				);
				GCC_PREPROCESSOR_DEFINITIONS = (
					"DEBUG=1",
					"$(inherited)",
				);
				INFOPLIST_FILE = AgeThatCatTests/Info.plist;
				LD_RUNPATH_SEARCH_PATHS = "$(inherited) @executable_path/Frameworks @loader_path/Frameworks";
				PRODUCT_NAME = "$(TARGET_NAME)";
				TEST_HOST = "$(BUILT_PRODUCTS_DIR)/AgeThatCat.app/AgeThatCat";
			};
			name = Debug;
		};
		BEDB1D5D1A085AFA00586A12 /* Release */ = {
			isa = XCBuildConfiguration;
			buildSettings = {
				BUNDLE_LOADER = "$(TEST_HOST)";
				FRAMEWORK_SEARCH_PATHS = (
					"$(SDKROOT)/Developer/Library/Frameworks",
					"$(inherited)",
				);
				INFOPLIST_FILE = AgeThatCatTests/Info.plist;
				LD_RUNPATH_SEARCH_PATHS = "$(inherited) @executable_path/Frameworks @loader_path/Frameworks";
				PRODUCT_NAME = "$(TARGET_NAME)";
				TEST_HOST = "$(BUILT_PRODUCTS_DIR)/AgeThatCat.app/AgeThatCat";
			};
			name = Release;
		};
/* End XCBuildConfiguration section */

/* Begin XCConfigurationList section */
		BEDB1D341A085AFA00586A12 /* Build configuration list for PBXProject "AgeThatCat" */ = {
			isa = XCConfigurationList;
			buildConfigurations = (
				BEDB1D561A085AFA00586A12 /* Debug */,
				BEDB1D571A085AFA00586A12 /* Release */,
			);
			defaultConfigurationIsVisible = 0;
			defaultConfigurationName = Release;
		};
		BEDB1D581A085AFA00586A12 /* Build configuration list for PBXNativeTarget "AgeThatCat" */ = {
			isa = XCConfigurationList;
			buildConfigurations = (
				BEDB1D591A085AFA00586A12 /* Debug */,
				BEDB1D5A1A085AFA00586A12 /* Release */,
			);
			defaultConfigurationIsVisible = 0;
		};
		BEDB1D5B1A085AFA00586A12 /* Build configuration list for PBXNativeTarget "AgeThatCatTests" */ = {
			isa = XCConfigurationList;
			buildConfigurations = (
				BEDB1D5C1A085AFA00586A12 /* Debug */,
				BEDB1D5D1A085AFA00586A12 /* Release */,
			);
			defaultConfigurationIsVisible = 0;
		};
/* End XCConfigurationList section */
	};
	rootObject = BEDB1D311A085AFA00586A12 /* Project object */;
}
